// !$*UTF8*$!
{
	archiveVersion = 1;
	classes = {
	};
	objectVersion = 56;
	objects = {

/* Begin PBXBuildFile section */
		243217842C542D290054AF07 /* Launch Screen.storyboard in Resources */ = {isa = PBXBuildFile; fileRef = 243217832C542D290054AF07 /* Launch Screen.storyboard */; };
		246D37D42C517C460004899F /* HeaderView.swift in Sources */ = {isa = PBXBuildFile; fileRef = 246D37D32C517C460004899F /* HeaderView.swift */; };
		246D37D62C51908A0004899F /* GoogleService-Info.plist in Resources */ = {isa = PBXBuildFile; fileRef = 246D37D52C51908A0004899F /* GoogleService-Info.plist */; };
		246D37D82C51A89E0004899F /* .gitignore in Resources */ = {isa = PBXBuildFile; fileRef = 246D37D72C51A89E0004899F /* .gitignore */; };
		246D37DA2C51B15A0004899F /* TLButton.swift in Sources */ = {isa = PBXBuildFile; fileRef = 246D37D92C51B15A0004899F /* TLButton.swift */; };
		246D37DC2C51F2070004899F /* Extensions.swift in Sources */ = {isa = PBXBuildFile; fileRef = 246D37DB2C51F2070004899F /* Extensions.swift */; };
		246D37DE2C52915F0004899F /* README.md in Resources */ = {isa = PBXBuildFile; fileRef = 246D37DD2C52915F0004899F /* README.md */; };
		24C1AE832C5141BF005BEB1D /* TaskDOApp.swift in Sources */ = {isa = PBXBuildFile; fileRef = 24C1AE822C5141BF005BEB1D /* TaskDOApp.swift */; };
		24C1AE872C5141C0005BEB1D /* Assets.xcassets in Resources */ = {isa = PBXBuildFile; fileRef = 24C1AE862C5141C0005BEB1D /* Assets.xcassets */; };
		24C1AE8A2C5141C0005BEB1D /* Preview Assets.xcassets in Resources */ = {isa = PBXBuildFile; fileRef = 24C1AE892C5141C0005BEB1D /* Preview Assets.xcassets */; };
		24C1AE8C2C5141C0005BEB1D /* Persistence.swift in Sources */ = {isa = PBXBuildFile; fileRef = 24C1AE8B2C5141C0005BEB1D /* Persistence.swift */; };
		24C1AE8F2C5141C0005BEB1D /* TaskDO.xcdatamodeld in Sources */ = {isa = PBXBuildFile; fileRef = 24C1AE8D2C5141C0005BEB1D /* TaskDO.xcdatamodeld */; };
		24C1AE992C5141C0005BEB1D /* TaskDOTests.swift in Sources */ = {isa = PBXBuildFile; fileRef = 24C1AE982C5141C0005BEB1D /* TaskDOTests.swift */; };
		24C1AEA32C5141C0005BEB1D /* TaskDOUITests.swift in Sources */ = {isa = PBXBuildFile; fileRef = 24C1AEA22C5141C0005BEB1D /* TaskDOUITests.swift */; };
		24C1AEA52C5141C0005BEB1D /* TaskDOUITestsLaunchTests.swift in Sources */ = {isa = PBXBuildFile; fileRef = 24C1AEA42C5141C0005BEB1D /* TaskDOUITestsLaunchTests.swift */; };
		24C1AEB52C51437F005BEB1D /* FirebaseAnalytics in Frameworks */ = {isa = PBXBuildFile; productRef = 24C1AEB42C51437F005BEB1D /* FirebaseAnalytics */; };
		24C1AEB72C51437F005BEB1D /* FirebaseAnalyticsSwift in Frameworks */ = {isa = PBXBuildFile; productRef = 24C1AEB62C51437F005BEB1D /* FirebaseAnalyticsSwift */; };
		24C1AEBB2C51441C005BEB1D /* FirebaseAuth in Frameworks */ = {isa = PBXBuildFile; productRef = 24C1AEBA2C51441C005BEB1D /* FirebaseAuth */; };
		24C1AEBD2C51441C005BEB1D /* FirebaseFirestore in Frameworks */ = {isa = PBXBuildFile; productRef = 24C1AEBC2C51441C005BEB1D /* FirebaseFirestore */; };
		24C1AEBF2C51441C005BEB1D /* FirebaseFirestoreSwift in Frameworks */ = {isa = PBXBuildFile; productRef = 24C1AEBE2C51441C005BEB1D /* FirebaseFirestoreSwift */; };
		24C1AEC62C514C48005BEB1D /* ProfileView.swift in Sources */ = {isa = PBXBuildFile; fileRef = 24C1AEC52C514C48005BEB1D /* ProfileView.swift */; };
		24C1AEC82C514C61005BEB1D /* MainView.swift in Sources */ = {isa = PBXBuildFile; fileRef = 24C1AEC72C514C61005BEB1D /* MainView.swift */; };
		24C1AECA2C514C97005BEB1D /* NewItemView.swift in Sources */ = {isa = PBXBuildFile; fileRef = 24C1AEC92C514C97005BEB1D /* NewItemView.swift */; };
		24C1AECC2C514CA8005BEB1D /* LoginView.swift in Sources */ = {isa = PBXBuildFile; fileRef = 24C1AECB2C514CA8005BEB1D /* LoginView.swift */; };
		24C1AECE2C514CB8005BEB1D /* ToDoListView.swift in Sources */ = {isa = PBXBuildFile; fileRef = 24C1AECD2C514CB8005BEB1D /* ToDoListView.swift */; };
		24C1AED02C514CD1005BEB1D /* RegisterView.swift in Sources */ = {isa = PBXBuildFile; fileRef = 24C1AECF2C514CD1005BEB1D /* RegisterView.swift */; };
		24C1AED22C514CFA005BEB1D /* ToDoListItemView.swift in Sources */ = {isa = PBXBuildFile; fileRef = 24C1AED12C514CFA005BEB1D /* ToDoListItemView.swift */; };
		24C1AED42C514D29005BEB1D /* User.swift in Sources */ = {isa = PBXBuildFile; fileRef = 24C1AED32C514D29005BEB1D /* User.swift */; };
		24C1AED62C514D35005BEB1D /* ToDoListItem.swift in Sources */ = {isa = PBXBuildFile; fileRef = 24C1AED52C514D35005BEB1D /* ToDoListItem.swift */; };
		24C1AED82C514D57005BEB1D /* MainViewViewModel.swift in Sources */ = {isa = PBXBuildFile; fileRef = 24C1AED72C514D57005BEB1D /* MainViewViewModel.swift */; };
		24C1AEDA2C514D61005BEB1D /* ProfileViewViewModel.swift in Sources */ = {isa = PBXBuildFile; fileRef = 24C1AED92C514D61005BEB1D /* ProfileViewViewModel.swift */; };
		24C1AEDC2C514D6D005BEB1D /* NewItemViewViewModel.swift in Sources */ = {isa = PBXBuildFile; fileRef = 24C1AEDB2C514D6D005BEB1D /* NewItemViewViewModel.swift */; };
		24C1AEDE2C514D77005BEB1D /* LoginViewViewModel.swift in Sources */ = {isa = PBXBuildFile; fileRef = 24C1AEDD2C514D77005BEB1D /* LoginViewViewModel.swift */; };
		24C1AEE02C514D86005BEB1D /* ToDoListViewViewModel.swift in Sources */ = {isa = PBXBuildFile; fileRef = 24C1AEDF2C514D86005BEB1D /* ToDoListViewViewModel.swift */; };
		24C1AEE22C514D95005BEB1D /* RegisterViewViewModel.swift in Sources */ = {isa = PBXBuildFile; fileRef = 24C1AEE12C514D95005BEB1D /* RegisterViewViewModel.swift */; };
		24C1AEE42C514DA5005BEB1D /* ToDoListItemViewViewModel.swift in Sources */ = {isa = PBXBuildFile; fileRef = 24C1AEE32C514DA5005BEB1D /* ToDoListItemViewViewModel.swift */; };
/* End PBXBuildFile section */

/* Begin PBXContainerItemProxy section */
		24C1AE952C5141C0005BEB1D /* PBXContainerItemProxy */ = {
			isa = PBXContainerItemProxy;
			containerPortal = 24C1AE772C5141BF005BEB1D /* Project object */;
			proxyType = 1;
			remoteGlobalIDString = 24C1AE7E2C5141BF005BEB1D;
			remoteInfo = TaskDO;
		};
		24C1AE9F2C5141C0005BEB1D /* PBXContainerItemProxy */ = {
			isa = PBXContainerItemProxy;
			containerPortal = 24C1AE772C5141BF005BEB1D /* Project object */;
			proxyType = 1;
			remoteGlobalIDString = 24C1AE7E2C5141BF005BEB1D;
			remoteInfo = TaskDO;
		};
/* End PBXContainerItemProxy section */

/* Begin PBXFileReference section */
		243217832C542D290054AF07 /* Launch Screen.storyboard */ = {isa = PBXFileReference; lastKnownFileType = file.storyboard; path = "Launch Screen.storyboard"; sourceTree = "<group>"; };
		246D37D32C517C460004899F /* HeaderView.swift */ = {isa = PBXFileReference; lastKnownFileType = sourcecode.swift; path = HeaderView.swift; sourceTree = "<group>"; };
		246D37D52C51908A0004899F /* GoogleService-Info.plist */ = {isa = PBXFileReference; fileEncoding = 4; lastKnownFileType = text.plist.xml; path = "GoogleService-Info.plist"; sourceTree = "<group>"; };
		246D37D72C51A89E0004899F /* .gitignore */ = {isa = PBXFileReference; lastKnownFileType = text; path = .gitignore; sourceTree = "<group>"; };
		246D37D92C51B15A0004899F /* TLButton.swift */ = {isa = PBXFileReference; lastKnownFileType = sourcecode.swift; path = TLButton.swift; sourceTree = "<group>"; };
		246D37DB2C51F2070004899F /* Extensions.swift */ = {isa = PBXFileReference; lastKnownFileType = sourcecode.swift; path = Extensions.swift; sourceTree = "<group>"; };
		246D37DD2C52915F0004899F /* README.md */ = {isa = PBXFileReference; lastKnownFileType = net.daringfireball.markdown; path = README.md; sourceTree = "<group>"; };
		24C1AE7F2C5141BF005BEB1D /* TaskDO.app */ = {isa = PBXFileReference; explicitFileType = wrapper.application; includeInIndex = 0; path = TaskDO.app; sourceTree = BUILT_PRODUCTS_DIR; };
		24C1AE822C5141BF005BEB1D /* TaskDOApp.swift */ = {isa = PBXFileReference; lastKnownFileType = sourcecode.swift; path = TaskDOApp.swift; sourceTree = "<group>"; };
		24C1AE862C5141C0005BEB1D /* Assets.xcassets */ = {isa = PBXFileReference; lastKnownFileType = folder.assetcatalog; path = Assets.xcassets; sourceTree = "<group>"; };
		24C1AE892C5141C0005BEB1D /* Preview Assets.xcassets */ = {isa = PBXFileReference; lastKnownFileType = folder.assetcatalog; path = "Preview Assets.xcassets"; sourceTree = "<group>"; };
		24C1AE8B2C5141C0005BEB1D /* Persistence.swift */ = {isa = PBXFileReference; lastKnownFileType = sourcecode.swift; path = Persistence.swift; sourceTree = "<group>"; };
		24C1AE8E2C5141C0005BEB1D /* TaskDO.xcdatamodel */ = {isa = PBXFileReference; lastKnownFileType = wrapper.xcdatamodel; path = TaskDO.xcdatamodel; sourceTree = "<group>"; };
		24C1AE942C5141C0005BEB1D /* TaskDOTests.xctest */ = {isa = PBXFileReference; explicitFileType = wrapper.cfbundle; includeInIndex = 0; path = TaskDOTests.xctest; sourceTree = BUILT_PRODUCTS_DIR; };
		24C1AE982C5141C0005BEB1D /* TaskDOTests.swift */ = {isa = PBXFileReference; lastKnownFileType = sourcecode.swift; path = TaskDOTests.swift; sourceTree = "<group>"; };
		24C1AE9E2C5141C0005BEB1D /* TaskDOUITests.xctest */ = {isa = PBXFileReference; explicitFileType = wrapper.cfbundle; includeInIndex = 0; path = TaskDOUITests.xctest; sourceTree = BUILT_PRODUCTS_DIR; };
		24C1AEA22C5141C0005BEB1D /* TaskDOUITests.swift */ = {isa = PBXFileReference; lastKnownFileType = sourcecode.swift; path = TaskDOUITests.swift; sourceTree = "<group>"; };
		24C1AEA42C5141C0005BEB1D /* TaskDOUITestsLaunchTests.swift */ = {isa = PBXFileReference; lastKnownFileType = sourcecode.swift; path = TaskDOUITestsLaunchTests.swift; sourceTree = "<group>"; };
		24C1AEC52C514C48005BEB1D /* ProfileView.swift */ = {isa = PBXFileReference; lastKnownFileType = sourcecode.swift; path = ProfileView.swift; sourceTree = "<group>"; };
		24C1AEC72C514C61005BEB1D /* MainView.swift */ = {isa = PBXFileReference; lastKnownFileType = sourcecode.swift; path = MainView.swift; sourceTree = "<group>"; };
		24C1AEC92C514C97005BEB1D /* NewItemView.swift */ = {isa = PBXFileReference; lastKnownFileType = sourcecode.swift; path = NewItemView.swift; sourceTree = "<group>"; };
		24C1AECB2C514CA8005BEB1D /* LoginView.swift */ = {isa = PBXFileReference; lastKnownFileType = sourcecode.swift; path = LoginView.swift; sourceTree = "<group>"; };
		24C1AECD2C514CB8005BEB1D /* ToDoListView.swift */ = {isa = PBXFileReference; lastKnownFileType = sourcecode.swift; path = ToDoListView.swift; sourceTree = "<group>"; };
		24C1AECF2C514CD1005BEB1D /* RegisterView.swift */ = {isa = PBXFileReference; lastKnownFileType = sourcecode.swift; path = RegisterView.swift; sourceTree = "<group>"; };
		24C1AED12C514CFA005BEB1D /* ToDoListItemView.swift */ = {isa = PBXFileReference; lastKnownFileType = sourcecode.swift; path = ToDoListItemView.swift; sourceTree = "<group>"; };
		24C1AED32C514D29005BEB1D /* User.swift */ = {isa = PBXFileReference; lastKnownFileType = sourcecode.swift; path = User.swift; sourceTree = "<group>"; };
		24C1AED52C514D35005BEB1D /* ToDoListItem.swift */ = {isa = PBXFileReference; lastKnownFileType = sourcecode.swift; path = ToDoListItem.swift; sourceTree = "<group>"; };
		24C1AED72C514D57005BEB1D /* MainViewViewModel.swift */ = {isa = PBXFileReference; lastKnownFileType = sourcecode.swift; path = MainViewViewModel.swift; sourceTree = "<group>"; };
		24C1AED92C514D61005BEB1D /* ProfileViewViewModel.swift */ = {isa = PBXFileReference; lastKnownFileType = sourcecode.swift; path = ProfileViewViewModel.swift; sourceTree = "<group>"; };
		24C1AEDB2C514D6D005BEB1D /* NewItemViewViewModel.swift */ = {isa = PBXFileReference; lastKnownFileType = sourcecode.swift; path = NewItemViewViewModel.swift; sourceTree = "<group>"; };
		24C1AEDD2C514D77005BEB1D /* LoginViewViewModel.swift */ = {isa = PBXFileReference; lastKnownFileType = sourcecode.swift; path = LoginViewViewModel.swift; sourceTree = "<group>"; };
		24C1AEDF2C514D86005BEB1D /* ToDoListViewViewModel.swift */ = {isa = PBXFileReference; lastKnownFileType = sourcecode.swift; path = ToDoListViewViewModel.swift; sourceTree = "<group>"; };
		24C1AEE12C514D95005BEB1D /* RegisterViewViewModel.swift */ = {isa = PBXFileReference; lastKnownFileType = sourcecode.swift; path = RegisterViewViewModel.swift; sourceTree = "<group>"; };
		24C1AEE32C514DA5005BEB1D /* ToDoListItemViewViewModel.swift */ = {isa = PBXFileReference; lastKnownFileType = sourcecode.swift; path = ToDoListItemViewViewModel.swift; sourceTree = "<group>"; };
/* End PBXFileReference section */

/* Begin PBXFrameworksBuildPhase section */
		24C1AE7C2C5141BF005BEB1D /* Frameworks */ = {
			isa = PBXFrameworksBuildPhase;
			buildActionMask = 2147483647;
			files = (
				24C1AEB72C51437F005BEB1D /* FirebaseAnalyticsSwift in Frameworks */,
				24C1AEB52C51437F005BEB1D /* FirebaseAnalytics in Frameworks */,
				24C1AEBD2C51441C005BEB1D /* FirebaseFirestore in Frameworks */,
				24C1AEBB2C51441C005BEB1D /* FirebaseAuth in Frameworks */,
				24C1AEBF2C51441C005BEB1D /* FirebaseFirestoreSwift in Frameworks */,
			);
			runOnlyForDeploymentPostprocessing = 0;
		};
		24C1AE912C5141C0005BEB1D /* Frameworks */ = {
			isa = PBXFrameworksBuildPhase;
			buildActionMask = 2147483647;
			files = (
			);
			runOnlyForDeploymentPostprocessing = 0;
		};
		24C1AE9B2C5141C0005BEB1D /* Frameworks */ = {
			isa = PBXFrameworksBuildPhase;
			buildActionMask = 2147483647;
			files = (
			);
			runOnlyForDeploymentPostprocessing = 0;
		};
/* End PBXFrameworksBuildPhase section */

/* Begin PBXGroup section */
		24C1AE762C5141BF005BEB1D = {
			isa = PBXGroup;
			children = (
				246D37DD2C52915F0004899F /* README.md */,
				246D37D72C51A89E0004899F /* .gitignore */,
				24C1AE812C5141BF005BEB1D /* TaskDO */,
				24C1AE972C5141C0005BEB1D /* TaskDOTests */,
				24C1AEA12C5141C0005BEB1D /* TaskDOUITests */,
				24C1AE802C5141BF005BEB1D /* Products */,
			);
			sourceTree = "<group>";
		};
		24C1AE802C5141BF005BEB1D /* Products */ = {
			isa = PBXGroup;
			children = (
				24C1AE7F2C5141BF005BEB1D /* TaskDO.app */,
				24C1AE942C5141C0005BEB1D /* TaskDOTests.xctest */,
				24C1AE9E2C5141C0005BEB1D /* TaskDOUITests.xctest */,
			);
			name = Products;
			sourceTree = "<group>";
		};
		24C1AE812C5141BF005BEB1D /* TaskDO */ = {
			isa = PBXGroup;
			children = (
				24C1AEC32C514ADD005BEB1D /* Other */,
				24C1AEC22C514AC6005BEB1D /* Models */,
				24C1AEC12C514ABD005BEB1D /* ViewModels */,
				24C1AEC02C514AA5005BEB1D /* Views */,
				24C1AE8B2C5141C0005BEB1D /* Persistence.swift */,
				24C1AE8D2C5141C0005BEB1D /* TaskDO.xcdatamodeld */,
				24C1AE882C5141C0005BEB1D /* Preview Content */,
			);
			path = TaskDO;
			sourceTree = "<group>";
		};
		24C1AE882C5141C0005BEB1D /* Preview Content */ = {
			isa = PBXGroup;
			children = (
				24C1AE892C5141C0005BEB1D /* Preview Assets.xcassets */,
			);
			path = "Preview Content";
			sourceTree = "<group>";
		};
		24C1AE972C5141C0005BEB1D /* TaskDOTests */ = {
			isa = PBXGroup;
			children = (
				24C1AE982C5141C0005BEB1D /* TaskDOTests.swift */,
			);
			path = TaskDOTests;
			sourceTree = "<group>";
		};
		24C1AEA12C5141C0005BEB1D /* TaskDOUITests */ = {
			isa = PBXGroup;
			children = (
				24C1AEA22C5141C0005BEB1D /* TaskDOUITests.swift */,
				24C1AEA42C5141C0005BEB1D /* TaskDOUITestsLaunchTests.swift */,
			);
			path = TaskDOUITests;
			sourceTree = "<group>";
		};
		24C1AEC02C514AA5005BEB1D /* Views */ = {
			isa = PBXGroup;
			children = (
				24C1AEC52C514C48005BEB1D /* ProfileView.swift */,
				24C1AEC72C514C61005BEB1D /* MainView.swift */,
				24C1AEC92C514C97005BEB1D /* NewItemView.swift */,
				24C1AECB2C514CA8005BEB1D /* LoginView.swift */,
				24C1AECD2C514CB8005BEB1D /* ToDoListView.swift */,
				24C1AECF2C514CD1005BEB1D /* RegisterView.swift */,
				24C1AED12C514CFA005BEB1D /* ToDoListItemView.swift */,
				246D37D32C517C460004899F /* HeaderView.swift */,
				246D37D92C51B15A0004899F /* TLButton.swift */,
			);
			path = Views;
			sourceTree = "<group>";
		};
		24C1AEC12C514ABD005BEB1D /* ViewModels */ = {
			isa = PBXGroup;
			children = (
				24C1AED72C514D57005BEB1D /* MainViewViewModel.swift */,
				24C1AED92C514D61005BEB1D /* ProfileViewViewModel.swift */,
				24C1AEDB2C514D6D005BEB1D /* NewItemViewViewModel.swift */,
				24C1AEDD2C514D77005BEB1D /* LoginViewViewModel.swift */,
				24C1AEDF2C514D86005BEB1D /* ToDoListViewViewModel.swift */,
				24C1AEE12C514D95005BEB1D /* RegisterViewViewModel.swift */,
				24C1AEE32C514DA5005BEB1D /* ToDoListItemViewViewModel.swift */,
			);
			path = ViewModels;
			sourceTree = "<group>";
		};
		24C1AEC22C514AC6005BEB1D /* Models */ = {
			isa = PBXGroup;
			children = (
				24C1AED32C514D29005BEB1D /* User.swift */,
				24C1AED52C514D35005BEB1D /* ToDoListItem.swift */,
			);
			path = Models;
			sourceTree = "<group>";
		};
		24C1AEC32C514ADD005BEB1D /* Other */ = {
			isa = PBXGroup;
			children = (
				243217832C542D290054AF07 /* Launch Screen.storyboard */,
				246D37D52C51908A0004899F /* GoogleService-Info.plist */,
				24C1AE862C5141C0005BEB1D /* Assets.xcassets */,
				24C1AE822C5141BF005BEB1D /* TaskDOApp.swift */,
				246D37DB2C51F2070004899F /* Extensions.swift */,
			);
			path = Other;
			sourceTree = "<group>";
		};
/* End PBXGroup section */

/* Begin PBXNativeTarget section */
		24C1AE7E2C5141BF005BEB1D /* TaskDO */ = {
			isa = PBXNativeTarget;
			buildConfigurationList = 24C1AEA82C5141C0005BEB1D /* Build configuration list for PBXNativeTarget "TaskDO" */;
			buildPhases = (
				24C1AE7B2C5141BF005BEB1D /* Sources */,
				24C1AE7C2C5141BF005BEB1D /* Frameworks */,
				24C1AE7D2C5141BF005BEB1D /* Resources */,
			);
			buildRules = (
			);
			dependencies = (
			);
			name = TaskDO;
			packageProductDependencies = (
				24C1AEB42C51437F005BEB1D /* FirebaseAnalytics */,
				24C1AEB62C51437F005BEB1D /* FirebaseAnalyticsSwift */,
				24C1AEBA2C51441C005BEB1D /* FirebaseAuth */,
				24C1AEBC2C51441C005BEB1D /* FirebaseFirestore */,
				24C1AEBE2C51441C005BEB1D /* FirebaseFirestoreSwift */,
			);
			productName = TaskDO;
			productReference = 24C1AE7F2C5141BF005BEB1D /* TaskDO.app */;
			productType = "com.apple.product-type.application";
		};
		24C1AE932C5141C0005BEB1D /* TaskDOTests */ = {
			isa = PBXNativeTarget;
			buildConfigurationList = 24C1AEAB2C5141C0005BEB1D /* Build configuration list for PBXNativeTarget "TaskDOTests" */;
			buildPhases = (
				24C1AE902C5141C0005BEB1D /* Sources */,
				24C1AE912C5141C0005BEB1D /* Frameworks */,
				24C1AE922C5141C0005BEB1D /* Resources */,
			);
			buildRules = (
			);
			dependencies = (
				24C1AE962C5141C0005BEB1D /* PBXTargetDependency */,
			);
			name = TaskDOTests;
			productName = TaskDOTests;
			productReference = 24C1AE942C5141C0005BEB1D /* TaskDOTests.xctest */;
			productType = "com.apple.product-type.bundle.unit-test";
		};
		24C1AE9D2C5141C0005BEB1D /* TaskDOUITests */ = {
			isa = PBXNativeTarget;
			buildConfigurationList = 24C1AEAE2C5141C0005BEB1D /* Build configuration list for PBXNativeTarget "TaskDOUITests" */;
			buildPhases = (
				24C1AE9A2C5141C0005BEB1D /* Sources */,
				24C1AE9B2C5141C0005BEB1D /* Frameworks */,
				24C1AE9C2C5141C0005BEB1D /* Resources */,
			);
			buildRules = (
			);
			dependencies = (
				24C1AEA02C5141C0005BEB1D /* PBXTargetDependency */,
			);
			name = TaskDOUITests;
			productName = TaskDOUITests;
			productReference = 24C1AE9E2C5141C0005BEB1D /* TaskDOUITests.xctest */;
			productType = "com.apple.product-type.bundle.ui-testing";
		};
/* End PBXNativeTarget section */

/* Begin PBXProject section */
		24C1AE772C5141BF005BEB1D /* Project object */ = {
			isa = PBXProject;
			attributes = {
				BuildIndependentTargetsInParallel = 1;
				LastSwiftUpdateCheck = 1540;
				LastUpgradeCheck = 1540;
				TargetAttributes = {
					24C1AE7E2C5141BF005BEB1D = {
						CreatedOnToolsVersion = 15.4;
					};
					24C1AE932C5141C0005BEB1D = {
						CreatedOnToolsVersion = 15.4;
						TestTargetID = 24C1AE7E2C5141BF005BEB1D;
					};
					24C1AE9D2C5141C0005BEB1D = {
						CreatedOnToolsVersion = 15.4;
						TestTargetID = 24C1AE7E2C5141BF005BEB1D;
					};
				};
			};
			buildConfigurationList = 24C1AE7A2C5141BF005BEB1D /* Build configuration list for PBXProject "TaskDO" */;
			compatibilityVersion = "Xcode 14.0";
			developmentRegion = en;
			hasScannedForEncodings = 0;
			knownRegions = (
				en,
				Base,
			);
			mainGroup = 24C1AE762C5141BF005BEB1D;
			packageReferences = (
				24C1AEB32C51437F005BEB1D /* XCRemoteSwiftPackageReference "firebase-ios-sdk" */,
			);
			productRefGroup = 24C1AE802C5141BF005BEB1D /* Products */;
			projectDirPath = "";
			projectRoot = "";
			targets = (
				24C1AE7E2C5141BF005BEB1D /* TaskDO */,
				24C1AE932C5141C0005BEB1D /* TaskDOTests */,
				24C1AE9D2C5141C0005BEB1D /* TaskDOUITests */,
			);
		};
/* End PBXProject section */

/* Begin PBXResourcesBuildPhase section */
		24C1AE7D2C5141BF005BEB1D /* Resources */ = {
			isa = PBXResourcesBuildPhase;
			buildActionMask = 2147483647;
			files = (
				243217842C542D290054AF07 /* Launch Screen.storyboard in Resources */,
				246D37D82C51A89E0004899F /* .gitignore in Resources */,
				24C1AE8A2C5141C0005BEB1D /* Preview Assets.xcassets in Resources */,
				246D37DE2C52915F0004899F /* README.md in Resources */,
				24C1AE872C5141C0005BEB1D /* Assets.xcassets in Resources */,
				246D37D62C51908A0004899F /* GoogleService-Info.plist in Resources */,
			);
			runOnlyForDeploymentPostprocessing = 0;
		};
		24C1AE922C5141C0005BEB1D /* Resources */ = {
			isa = PBXResourcesBuildPhase;
			buildActionMask = 2147483647;
			files = (
			);
			runOnlyForDeploymentPostprocessing = 0;
		};
		24C1AE9C2C5141C0005BEB1D /* Resources */ = {
			isa = PBXResourcesBuildPhase;
			buildActionMask = 2147483647;
			files = (
			);
			runOnlyForDeploymentPostprocessing = 0;
		};
/* End PBXResourcesBuildPhase section */

/* Begin PBXSourcesBuildPhase section */
		24C1AE7B2C5141BF005BEB1D /* Sources */ = {
			isa = PBXSourcesBuildPhase;
			buildActionMask = 2147483647;
			files = (
				24C1AED02C514CD1005BEB1D /* RegisterView.swift in Sources */,
				246D37DA2C51B15A0004899F /* TLButton.swift in Sources */,
				24C1AECA2C514C97005BEB1D /* NewItemView.swift in Sources */,
				24C1AED62C514D35005BEB1D /* ToDoListItem.swift in Sources */,
				24C1AEDE2C514D77005BEB1D /* LoginViewViewModel.swift in Sources */,
				24C1AEE42C514DA5005BEB1D /* ToDoListItemViewViewModel.swift in Sources */,
				24C1AECE2C514CB8005BEB1D /* ToDoListView.swift in Sources */,
				24C1AECC2C514CA8005BEB1D /* LoginView.swift in Sources */,
				24C1AE8C2C5141C0005BEB1D /* Persistence.swift in Sources */,
				246D37DC2C51F2070004899F /* Extensions.swift in Sources */,
				24C1AED22C514CFA005BEB1D /* ToDoListItemView.swift in Sources */,
				24C1AEE22C514D95005BEB1D /* RegisterViewViewModel.swift in Sources */,
				24C1AE8F2C5141C0005BEB1D /* TaskDO.xcdatamodeld in Sources */,
				24C1AEC62C514C48005BEB1D /* ProfileView.swift in Sources */,
				24C1AED82C514D57005BEB1D /* MainViewViewModel.swift in Sources */,
				24C1AEC82C514C61005BEB1D /* MainView.swift in Sources */,
				24C1AEE02C514D86005BEB1D /* ToDoListViewViewModel.swift in Sources */,
				246D37D42C517C460004899F /* HeaderView.swift in Sources */,
				24C1AEDA2C514D61005BEB1D /* ProfileViewViewModel.swift in Sources */,
				24C1AEDC2C514D6D005BEB1D /* NewItemViewViewModel.swift in Sources */,
				24C1AE832C5141BF005BEB1D /* TaskDOApp.swift in Sources */,
				24C1AED42C514D29005BEB1D /* User.swift in Sources */,
			);
			runOnlyForDeploymentPostprocessing = 0;
		};
		24C1AE902C5141C0005BEB1D /* Sources */ = {
			isa = PBXSourcesBuildPhase;
			buildActionMask = 2147483647;
			files = (
				24C1AE992C5141C0005BEB1D /* TaskDOTests.swift in Sources */,
			);
			runOnlyForDeploymentPostprocessing = 0;
		};
		24C1AE9A2C5141C0005BEB1D /* Sources */ = {
			isa = PBXSourcesBuildPhase;
			buildActionMask = 2147483647;
			files = (
				24C1AEA52C5141C0005BEB1D /* TaskDOUITestsLaunchTests.swift in Sources */,
				24C1AEA32C5141C0005BEB1D /* TaskDOUITests.swift in Sources */,
			);
			runOnlyForDeploymentPostprocessing = 0;
		};
/* End PBXSourcesBuildPhase section */

/* Begin PBXTargetDependency section */
		24C1AE962C5141C0005BEB1D /* PBXTargetDependency */ = {
			isa = PBXTargetDependency;
			target = 24C1AE7E2C5141BF005BEB1D /* TaskDO */;
			targetProxy = 24C1AE952C5141C0005BEB1D /* PBXContainerItemProxy */;
		};
		24C1AEA02C5141C0005BEB1D /* PBXTargetDependency */ = {
			isa = PBXTargetDependency;
			target = 24C1AE7E2C5141BF005BEB1D /* TaskDO */;
			targetProxy = 24C1AE9F2C5141C0005BEB1D /* PBXContainerItemProxy */;
		};
/* End PBXTargetDependency section */

/* Begin XCBuildConfiguration section */
		24C1AEA62C5141C0005BEB1D /* Debug */ = {
			isa = XCBuildConfiguration;
			buildSettings = {
				ALWAYS_SEARCH_USER_PATHS = NO;
				ASSETCATALOG_COMPILER_GENERATE_SWIFT_ASSET_SYMBOL_EXTENSIONS = YES;
				CLANG_ANALYZER_NONNULL = YES;
				CLANG_ANALYZER_NUMBER_OBJECT_CONVERSION = YES_AGGRESSIVE;
				CLANG_CXX_LANGUAGE_STANDARD = "gnu++20";
				CLANG_ENABLE_MODULES = YES;
				CLANG_ENABLE_OBJC_ARC = YES;
				CLANG_ENABLE_OBJC_WEAK = YES;
				CLANG_WARN_BLOCK_CAPTURE_AUTORELEASING = YES;
				CLANG_WARN_BOOL_CONVERSION = YES;
				CLANG_WARN_COMMA = YES;
				CLANG_WARN_CONSTANT_CONVERSION = YES;
				CLANG_WARN_DEPRECATED_OBJC_IMPLEMENTATIONS = YES;
				CLANG_WARN_DIRECT_OBJC_ISA_USAGE = YES_ERROR;
				CLANG_WARN_DOCUMENTATION_COMMENTS = YES;
				CLANG_WARN_EMPTY_BODY = YES;
				CLANG_WARN_ENUM_CONVERSION = YES;
				CLANG_WARN_INFINITE_RECURSION = YES;
				CLANG_WARN_INT_CONVERSION = YES;
				CLANG_WARN_NON_LITERAL_NULL_CONVERSION = YES;
				CLANG_WARN_OBJC_IMPLICIT_RETAIN_SELF = YES;
				CLANG_WARN_OBJC_LITERAL_CONVERSION = YES;
				CLANG_WARN_OBJC_ROOT_CLASS = YES_ERROR;
				CLANG_WARN_QUOTED_INCLUDE_IN_FRAMEWORK_HEADER = YES;
				CLANG_WARN_RANGE_LOOP_ANALYSIS = YES;
				CLANG_WARN_STRICT_PROTOTYPES = YES;
				CLANG_WARN_SUSPICIOUS_MOVE = YES;
				CLANG_WARN_UNGUARDED_AVAILABILITY = YES_AGGRESSIVE;
				CLANG_WARN_UNREACHABLE_CODE = YES;
				CLANG_WARN__DUPLICATE_METHOD_MATCH = YES;
				COPY_PHASE_STRIP = NO;
				DEBUG_INFORMATION_FORMAT = dwarf;
				ENABLE_STRICT_OBJC_MSGSEND = YES;
				ENABLE_TESTABILITY = YES;
				ENABLE_USER_SCRIPT_SANDBOXING = YES;
				GCC_C_LANGUAGE_STANDARD = gnu17;
				GCC_DYNAMIC_NO_PIC = NO;
				GCC_NO_COMMON_BLOCKS = YES;
				GCC_OPTIMIZATION_LEVEL = 0;
				GCC_PREPROCESSOR_DEFINITIONS = (
					"DEBUG=1",
					"$(inherited)",
				);
				GCC_WARN_64_TO_32_BIT_CONVERSION = YES;
				GCC_WARN_ABOUT_RETURN_TYPE = YES_ERROR;
				GCC_WARN_UNDECLARED_SELECTOR = YES;
				GCC_WARN_UNINITIALIZED_AUTOS = YES_AGGRESSIVE;
				GCC_WARN_UNUSED_FUNCTION = YES;
				GCC_WARN_UNUSED_VARIABLE = YES;
				IPHONEOS_DEPLOYMENT_TARGET = 17.5;
				LOCALIZATION_PREFERS_STRING_CATALOGS = YES;
				MTL_ENABLE_DEBUG_INFO = INCLUDE_SOURCE;
				MTL_FAST_MATH = YES;
				ONLY_ACTIVE_ARCH = YES;
				SDKROOT = iphoneos;
				SWIFT_ACTIVE_COMPILATION_CONDITIONS = "DEBUG $(inherited)";
				SWIFT_OPTIMIZATION_LEVEL = "-Onone";
			};
			name = Debug;
		};
		24C1AEA72C5141C0005BEB1D /* Release */ = {
			isa = XCBuildConfiguration;
			buildSettings = {
				ALWAYS_SEARCH_USER_PATHS = NO;
				ASSETCATALOG_COMPILER_GENERATE_SWIFT_ASSET_SYMBOL_EXTENSIONS = YES;
				CLANG_ANALYZER_NONNULL = YES;
				CLANG_ANALYZER_NUMBER_OBJECT_CONVERSION = YES_AGGRESSIVE;
				CLANG_CXX_LANGUAGE_STANDARD = "gnu++20";
				CLANG_ENABLE_MODULES = YES;
				CLANG_ENABLE_OBJC_ARC = YES;
				CLANG_ENABLE_OBJC_WEAK = YES;
				CLANG_WARN_BLOCK_CAPTURE_AUTORELEASING = YES;
				CLANG_WARN_BOOL_CONVERSION = YES;
				CLANG_WARN_COMMA = YES;
				CLANG_WARN_CONSTANT_CONVERSION = YES;
				CLANG_WARN_DEPRECATED_OBJC_IMPLEMENTATIONS = YES;
				CLANG_WARN_DIRECT_OBJC_ISA_USAGE = YES_ERROR;
				CLANG_WARN_DOCUMENTATION_COMMENTS = YES;
				CLANG_WARN_EMPTY_BODY = YES;
				CLANG_WARN_ENUM_CONVERSION = YES;
				CLANG_WARN_INFINITE_RECURSION = YES;
				CLANG_WARN_INT_CONVERSION = YES;
				CLANG_WARN_NON_LITERAL_NULL_CONVERSION = YES;
				CLANG_WARN_OBJC_IMPLICIT_RETAIN_SELF = YES;
				CLANG_WARN_OBJC_LITERAL_CONVERSION = YES;
				CLANG_WARN_OBJC_ROOT_CLASS = YES_ERROR;
				CLANG_WARN_QUOTED_INCLUDE_IN_FRAMEWORK_HEADER = YES;
				CLANG_WARN_RANGE_LOOP_ANALYSIS = YES;
				CLANG_WARN_STRICT_PROTOTYPES = YES;
				CLANG_WARN_SUSPICIOUS_MOVE = YES;
				CLANG_WARN_UNGUARDED_AVAILABILITY = YES_AGGRESSIVE;
				CLANG_WARN_UNREACHABLE_CODE = YES;
				CLANG_WARN__DUPLICATE_METHOD_MATCH = YES;
				COPY_PHASE_STRIP = NO;
				DEBUG_INFORMATION_FORMAT = "dwarf-with-dsym";
				ENABLE_NS_ASSERTIONS = NO;
				ENABLE_STRICT_OBJC_MSGSEND = YES;
				ENABLE_USER_SCRIPT_SANDBOXING = YES;
				GCC_C_LANGUAGE_STANDARD = gnu17;
				GCC_NO_COMMON_BLOCKS = YES;
				GCC_WARN_64_TO_32_BIT_CONVERSION = YES;
				GCC_WARN_ABOUT_RETURN_TYPE = YES_ERROR;
				GCC_WARN_UNDECLARED_SELECTOR = YES;
				GCC_WARN_UNINITIALIZED_AUTOS = YES_AGGRESSIVE;
				GCC_WARN_UNUSED_FUNCTION = YES;
				GCC_WARN_UNUSED_VARIABLE = YES;
				IPHONEOS_DEPLOYMENT_TARGET = 17.5;
				LOCALIZATION_PREFERS_STRING_CATALOGS = YES;
				MTL_ENABLE_DEBUG_INFO = NO;
				MTL_FAST_MATH = YES;
				SDKROOT = iphoneos;
				SWIFT_COMPILATION_MODE = wholemodule;
				VALIDATE_PRODUCT = YES;
			};
			name = Release;
		};
		24C1AEA92C5141C0005BEB1D /* Debug */ = {
			isa = XCBuildConfiguration;
			buildSettings = {
				ASSETCATALOG_COMPILER_APPICON_NAME = AppIcon;
				ASSETCATALOG_COMPILER_GLOBAL_ACCENT_COLOR_NAME = AccentColor;
				CODE_SIGN_STYLE = Automatic;
				CURRENT_PROJECT_VERSION = 1;
				DEVELOPMENT_ASSET_PATHS = "\"TaskDO/Preview Content\"";
				ENABLE_PREVIEWS = YES;
				GENERATE_INFOPLIST_FILE = YES;
				INFOPLIST_KEY_CFBundleDisplayName = TaskDO;
				INFOPLIST_KEY_LSApplicationCategoryType = "public.app-category.productivity";
				INFOPLIST_KEY_UIApplicationSceneManifest_Generation = YES;
				INFOPLIST_KEY_UIApplicationSupportsIndirectInputEvents = YES;
				INFOPLIST_KEY_UILaunchScreen_Generation = YES;
				INFOPLIST_KEY_UILaunchStoryboardName = "Launch Screen.storyboard";
				INFOPLIST_KEY_UISupportedInterfaceOrientations = UIInterfaceOrientationPortrait;
				LD_RUNPATH_SEARCH_PATHS = (
					"$(inherited)",
					"@executable_path/Frameworks",
				);
				MARKETING_VERSION = 1.0;
				PRODUCT_BUNDLE_IDENTIFIER = com.satshree.TaskDO;
				PRODUCT_NAME = "$(TARGET_NAME)";
				SWIFT_EMIT_LOC_STRINGS = YES;
				SWIFT_VERSION = 5.0;
				TARGETED_DEVICE_FAMILY = 1;
			};
			name = Debug;
		};
		24C1AEAA2C5141C0005BEB1D /* Release */ = {
			isa = XCBuildConfiguration;
			buildSettings = {
				ASSETCATALOG_COMPILER_APPICON_NAME = AppIcon;
				ASSETCATALOG_COMPILER_GLOBAL_ACCENT_COLOR_NAME = AccentColor;
				CODE_SIGN_STYLE = Automatic;
				CURRENT_PROJECT_VERSION = 1;
				DEVELOPMENT_ASSET_PATHS = "\"TaskDO/Preview Content\"";
				ENABLE_PREVIEWS = YES;
				GENERATE_INFOPLIST_FILE = YES;
				INFOPLIST_KEY_CFBundleDisplayName = TaskDO;
				INFOPLIST_KEY_LSApplicationCategoryType = "public.app-category.productivity";
				INFOPLIST_KEY_UIApplicationSceneManifest_Generation = YES;
				INFOPLIST_KEY_UIApplicationSupportsIndirectInputEvents = YES;
				INFOPLIST_KEY_UILaunchScreen_Generation = YES;
				INFOPLIST_KEY_UILaunchStoryboardName = "Launch Screen.storyboard";
				INFOPLIST_KEY_UISupportedInterfaceOrientations = UIInterfaceOrientationPortrait;
				LD_RUNPATH_SEARCH_PATHS = (
					"$(inherited)",
					"@executable_path/Frameworks",
				);
				MARKETING_VERSION = 1.0;
				PRODUCT_BUNDLE_IDENTIFIER = com.satshree.TaskDO;
				PRODUCT_NAME = "$(TARGET_NAME)";
				SWIFT_EMIT_LOC_STRINGS = YES;
				SWIFT_VERSION = 5.0;
				TARGETED_DEVICE_FAMILY = 1;
			};
			name = Release;
		};
		24C1AEAC2C5141C0005BEB1D /* Debug */ = {
			isa = XCBuildConfiguration;
			buildSettings = {
				ALWAYS_EMBED_SWIFT_STANDARD_LIBRARIES = YES;
				BUNDLE_LOADER = "$(TEST_HOST)";
				CODE_SIGN_STYLE = Automatic;
				CURRENT_PROJECT_VERSION = 1;
				GENERATE_INFOPLIST_FILE = YES;
				IPHONEOS_DEPLOYMENT_TARGET = 17.5;
				MARKETING_VERSION = 1.0;
				PRODUCT_BUNDLE_IDENTIFIER = com.satshree.TaskDOTests;
				PRODUCT_NAME = "$(TARGET_NAME)";
				SWIFT_EMIT_LOC_STRINGS = NO;
				SWIFT_VERSION = 5.0;
				TARGETED_DEVICE_FAMILY = "1,2";
				TEST_HOST = "$(BUILT_PRODUCTS_DIR)/TaskDO.app/$(BUNDLE_EXECUTABLE_FOLDER_PATH)/TaskDO";
			};
			name = Debug;
		};
		24C1AEAD2C5141C0005BEB1D /* Release */ = {
			isa = XCBuildConfiguration;
			buildSettings = {
				ALWAYS_EMBED_SWIFT_STANDARD_LIBRARIES = YES;
				BUNDLE_LOADER = "$(TEST_HOST)";
				CODE_SIGN_STYLE = Automatic;
				CURRENT_PROJECT_VERSION = 1;
				GENERATE_INFOPLIST_FILE = YES;
				IPHONEOS_DEPLOYMENT_TARGET = 17.5;
				MARKETING_VERSION = 1.0;
				PRODUCT_BUNDLE_IDENTIFIER = com.satshree.TaskDOTests;
				PRODUCT_NAME = "$(TARGET_NAME)";
				SWIFT_EMIT_LOC_STRINGS = NO;
				SWIFT_VERSION = 5.0;
				TARGETED_DEVICE_FAMILY = "1,2";
				TEST_HOST = "$(BUILT_PRODUCTS_DIR)/TaskDO.app/$(BUNDLE_EXECUTABLE_FOLDER_PATH)/TaskDO";
			};
			name = Release;
		};
		24C1AEAF2C5141C0005BEB1D /* Debug */ = {
			isa = XCBuildConfiguration;
			buildSettings = {
				ALWAYS_EMBED_SWIFT_STANDARD_LIBRARIES = YES;
				CODE_SIGN_STYLE = Automatic;
				CURRENT_PROJECT_VERSION = 1;
				GENERATE_INFOPLIST_FILE = YES;
				MARKETING_VERSION = 1.0;
				PRODUCT_BUNDLE_IDENTIFIER = com.satshree.TaskDOUITests;
				PRODUCT_NAME = "$(TARGET_NAME)";
				SWIFT_EMIT_LOC_STRINGS = NO;
				SWIFT_VERSION = 5.0;
				TARGETED_DEVICE_FAMILY = "1,2";
				TEST_TARGET_NAME = TaskDO;
			};
			name = Debug;
		};
		24C1AEB02C5141C0005BEB1D /* Release */ = {
			isa = XCBuildConfiguration;
			buildSettings = {
				ALWAYS_EMBED_SWIFT_STANDARD_LIBRARIES = YES;
				CODE_SIGN_STYLE = Automatic;
				CURRENT_PROJECT_VERSION = 1;
				GENERATE_INFOPLIST_FILE = YES;
				MARKETING_VERSION = 1.0;
				PRODUCT_BUNDLE_IDENTIFIER = com.satshree.TaskDOUITests;
				PRODUCT_NAME = "$(TARGET_NAME)";
				SWIFT_EMIT_LOC_STRINGS = NO;
				SWIFT_VERSION = 5.0;
				TARGETED_DEVICE_FAMILY = "1,2";
				TEST_TARGET_NAME = TaskDO;
			};
			name = Release;
		};
/* End XCBuildConfiguration section */

/* Begin XCConfigurationList section */
		24C1AE7A2C5141BF005BEB1D /* Build configuration list for PBXProject "TaskDO" */ = {
			isa = XCConfigurationList;
			buildConfigurations = (
				24C1AEA62C5141C0005BEB1D /* Debug */,
				24C1AEA72C5141C0005BEB1D /* Release */,
			);
			defaultConfigurationIsVisible = 0;
			defaultConfigurationName = Release;
		};
		24C1AEA82C5141C0005BEB1D /* Build configuration list for PBXNativeTarget "TaskDO" */ = {
			isa = XCConfigurationList;
			buildConfigurations = (
				24C1AEA92C5141C0005BEB1D /* Debug */,
				24C1AEAA2C5141C0005BEB1D /* Release */,
			);
			defaultConfigurationIsVisible = 0;
			defaultConfigurationName = Release;
		};
		24C1AEAB2C5141C0005BEB1D /* Build configuration list for PBXNativeTarget "TaskDOTests" */ = {
			isa = XCConfigurationList;
			buildConfigurations = (
				24C1AEAC2C5141C0005BEB1D /* Debug */,
				24C1AEAD2C5141C0005BEB1D /* Release */,
			);
			defaultConfigurationIsVisible = 0;
			defaultConfigurationName = Release;
		};
		24C1AEAE2C5141C0005BEB1D /* Build configuration list for PBXNativeTarget "TaskDOUITests" */ = {
			isa = XCConfigurationList;
			buildConfigurations = (
				24C1AEAF2C5141C0005BEB1D /* Debug */,
				24C1AEB02C5141C0005BEB1D /* Release */,
			);
			defaultConfigurationIsVisible = 0;
			defaultConfigurationName = Release;
		};
/* End XCConfigurationList section */

/* Begin XCRemoteSwiftPackageReference section */
		24C1AEB32C51437F005BEB1D /* XCRemoteSwiftPackageReference "firebase-ios-sdk" */ = {
			isa = XCRemoteSwiftPackageReference;
			repositoryURL = "https://github.com/firebase/firebase-ios-sdk.git";
			requirement = {
				kind = upToNextMajorVersion;
				minimumVersion = 10.29.0;
			};
		};
/* End XCRemoteSwiftPackageReference section */

/* Begin XCSwiftPackageProductDependency section */
		24C1AEB42C51437F005BEB1D /* FirebaseAnalytics */ = {
			isa = XCSwiftPackageProductDependency;
			package = 24C1AEB32C51437F005BEB1D /* XCRemoteSwiftPackageReference "firebase-ios-sdk" */;
			productName = FirebaseAnalytics;
		};
		24C1AEB62C51437F005BEB1D /* FirebaseAnalyticsSwift */ = {
			isa = XCSwiftPackageProductDependency;
			package = 24C1AEB32C51437F005BEB1D /* XCRemoteSwiftPackageReference "firebase-ios-sdk" */;
			productName = FirebaseAnalyticsSwift;
		};
		24C1AEBA2C51441C005BEB1D /* FirebaseAuth */ = {
			isa = XCSwiftPackageProductDependency;
			package = 24C1AEB32C51437F005BEB1D /* XCRemoteSwiftPackageReference "firebase-ios-sdk" */;
			productName = FirebaseAuth;
		};
		24C1AEBC2C51441C005BEB1D /* FirebaseFirestore */ = {
			isa = XCSwiftPackageProductDependency;
			package = 24C1AEB32C51437F005BEB1D /* XCRemoteSwiftPackageReference "firebase-ios-sdk" */;
			productName = FirebaseFirestore;
		};
		24C1AEBE2C51441C005BEB1D /* FirebaseFirestoreSwift */ = {
			isa = XCSwiftPackageProductDependency;
			package = 24C1AEB32C51437F005BEB1D /* XCRemoteSwiftPackageReference "firebase-ios-sdk" */;
			productName = FirebaseFirestoreSwift;
		};
/* End XCSwiftPackageProductDependency section */

/* Begin XCVersionGroup section */
		24C1AE8D2C5141C0005BEB1D /* TaskDO.xcdatamodeld */ = {
			isa = XCVersionGroup;
			children = (
				24C1AE8E2C5141C0005BEB1D /* TaskDO.xcdatamodel */,
			);
			currentVersion = 24C1AE8E2C5141C0005BEB1D /* TaskDO.xcdatamodel */;
			path = TaskDO.xcdatamodeld;
			sourceTree = "<group>";
			versionGroupType = wrapper.xcdatamodel;
		};
/* End XCVersionGroup section */
	};
	rootObject = 24C1AE772C5141BF005BEB1D /* Project object */;
}
