// !$*UTF8*$!
{
	archiveVersion = 1;
	classes = {
	};
	objectVersion = 56;
	objects = {

/* Begin PBXBuildFile section */
		24C1AE832C5141BF005BEB1D /* TaskDOApp.swift in Sources */ = {isa = PBXBuildFile; fileRef = 24C1AE822C5141BF005BEB1D /* TaskDOApp.swift */; };
		24C1AE852C5141BF005BEB1D /* ContentView.swift in Sources */ = {isa = PBXBuildFile; fileRef = 24C1AE842C5141BF005BEB1D /* ContentView.swift */; };
		24C1AE872C5141C0005BEB1D /* Assets.xcassets in Resources */ = {isa = PBXBuildFile; fileRef = 24C1AE862C5141C0005BEB1D /* Assets.xcassets */; };
		24C1AE8A2C5141C0005BEB1D /* Preview Assets.xcassets in Resources */ = {isa = PBXBuildFile; fileRef = 24C1AE892C5141C0005BEB1D /* Preview Assets.xcassets */; };
		24C1AE8C2C5141C0005BEB1D /* Persistence.swift in Sources */ = {isa = PBXBuildFile; fileRef = 24C1AE8B2C5141C0005BEB1D /* Persistence.swift */; };
		24C1AE8F2C5141C0005BEB1D /* TaskDO.xcdatamodeld in Sources */ = {isa = PBXBuildFile; fileRef = 24C1AE8D2C5141C0005BEB1D /* TaskDO.xcdatamodeld */; };
		24C1AE992C5141C0005BEB1D /* TaskDOTests.swift in Sources */ = {isa = PBXBuildFile; fileRef = 24C1AE982C5141C0005BEB1D /* TaskDOTests.swift */; };
		24C1AEA32C5141C0005BEB1D /* TaskDOUITests.swift in Sources */ = {isa = PBXBuildFile; fileRef = 24C1AEA22C5141C0005BEB1D /* TaskDOUITests.swift */; };
		24C1AEA52C5141C0005BEB1D /* TaskDOUITestsLaunchTests.swift in Sources */ = {isa = PBXBuildFile; fileRef = 24C1AEA42C5141C0005BEB1D /* TaskDOUITestsLaunchTests.swift */; };
/* End PBXBuildFile section */

/* Begin PBXContainerItemProxy section */
		24C1AE952C5141C0005BEB1D /* PBXContainerItemProxy */ = {
			isa = PBXContainerItemProxy;
			containerPortal = 24C1AE772C5141BF005BEB1D /* Project object */;
			proxyType = 1;
			remoteGlobalIDString = 24C1AE7E2C5141BF005BEB1D;
			remoteInfo = TaskDO;
		};
		24C1AE9F2C5141C0005BEB1D /* PBXContainerItemProxy */ = {
			isa = PBXContainerItemProxy;
			containerPortal = 24C1AE772C5141BF005BEB1D /* Project object */;
			proxyType = 1;
			remoteGlobalIDString = 24C1AE7E2C5141BF005BEB1D;
			remoteInfo = TaskDO;
		};
/* End PBXContainerItemProxy section */

/* Begin PBXFileReference section */
		24C1AE7F2C5141BF005BEB1D /* TaskDO.app */ = {isa = PBXFileReference; explicitFileType = wrapper.application; includeInIndex = 0; path = TaskDO.app; sourceTree = BUILT_PRODUCTS_DIR; };
		24C1AE822C5141BF005BEB1D /* TaskDOApp.swift */ = {isa = PBXFileReference; lastKnownFileType = sourcecode.swift; path = TaskDOApp.swift; sourceTree = "<group>"; };
		24C1AE842C5141BF005BEB1D /* ContentView.swift */ = {isa = PBXFileReference; lastKnownFileType = sourcecode.swift; path = ContentView.swift; sourceTree = "<group>"; };
		24C1AE862C5141C0005BEB1D /* Assets.xcassets */ = {isa = PBXFileReference; lastKnownFileType = folder.assetcatalog; path = Assets.xcassets; sourceTree = "<group>"; };
		24C1AE892C5141C0005BEB1D /* Preview Assets.xcassets */ = {isa = PBXFileReference; lastKnownFileType = folder.assetcatalog; path = "Preview Assets.xcassets"; sourceTree = "<group>"; };
		24C1AE8B2C5141C0005BEB1D /* Persistence.swift */ = {isa = PBXFileReference; lastKnownFileType = sourcecode.swift; path = Persistence.swift; sourceTree = "<group>"; };
		24C1AE8E2C5141C0005BEB1D /* TaskDO.xcdatamodel */ = {isa = PBXFileReference; lastKnownFileType = wrapper.xcdatamodel; path = TaskDO.xcdatamodel; sourceTree = "<group>"; };
		24C1AE942C5141C0005BEB1D /* TaskDOTests.xctest */ = {isa = PBXFileReference; explicitFileType = wrapper.cfbundle; includeInIndex = 0; path = TaskDOTests.xctest; sourceTree = BUILT_PRODUCTS_DIR; };
		24C1AE982C5141C0005BEB1D /* TaskDOTests.swift */ = {isa = PBXFileReference; lastKnownFileType = sourcecode.swift; path = TaskDOTests.swift; sourceTree = "<group>"; };
		24C1AE9E2C5141C0005BEB1D /* TaskDOUITests.xctest */ = {isa = PBXFileReference; explicitFileType = wrapper.cfbundle; includeInIndex = 0; path = TaskDOUITests.xctest; sourceTree = BUILT_PRODUCTS_DIR; };
		24C1AEA22C5141C0005BEB1D /* TaskDOUITests.swift */ = {isa = PBXFileReference; lastKnownFileType = sourcecode.swift; path = TaskDOUITests.swift; sourceTree = "<group>"; };
		24C1AEA42C5141C0005BEB1D /* TaskDOUITestsLaunchTests.swift */ = {isa = PBXFileReference; lastKnownFileType = sourcecode.swift; path = TaskDOUITestsLaunchTests.swift; sourceTree = "<group>"; };
/* End PBXFileReference section */

/* Begin PBXFrameworksBuildPhase section */
		24C1AE7C2C5141BF005BEB1D /* Frameworks */ = {
			isa = PBXFrameworksBuildPhase;
			buildActionMask = 2147483647;
			files = (
			);
			runOnlyForDeploymentPostprocessing = 0;
		};
		24C1AE912C5141C0005BEB1D /* Frameworks */ = {
			isa = PBXFrameworksBuildPhase;
			buildActionMask = 2147483647;
			files = (
			);
			runOnlyForDeploymentPostprocessing = 0;
		};
		24C1AE9B2C5141C0005BEB1D /* Frameworks */ = {
			isa = PBXFrameworksBuildPhase;
			buildActionMask = 2147483647;
			files = (
			);
			runOnlyForDeploymentPostprocessing = 0;
		};
/* End PBXFrameworksBuildPhase section */

/* Begin PBXGroup section */
		24C1AE762C5141BF005BEB1D = {
			isa = PBXGroup;
			children = (
				24C1AE812C5141BF005BEB1D /* TaskDO */,
				24C1AE972C5141C0005BEB1D /* TaskDOTests */,
				24C1AEA12C5141C0005BEB1D /* TaskDOUITests */,
				24C1AE802C5141BF005BEB1D /* Products */,
			);
			sourceTree = "<group>";
		};
		24C1AE802C5141BF005BEB1D /* Products */ = {
			isa = PBXGroup;
			children = (
				24C1AE7F2C5141BF005BEB1D /* TaskDO.app */,
				24C1AE942C5141C0005BEB1D /* TaskDOTests.xctest */,
				24C1AE9E2C5141C0005BEB1D /* TaskDOUITests.xctest */,
			);
			name = Products;
			sourceTree = "<group>";
		};
		24C1AE812C5141BF005BEB1D /* TaskDO */ = {
			isa = PBXGroup;
			children = (
				24C1AE822C5141BF005BEB1D /* TaskDOApp.swift */,
				24C1AE842C5141BF005BEB1D /* ContentView.swift */,
				24C1AE862C5141C0005BEB1D /* Assets.xcassets */,
				24C1AE8B2C5141C0005BEB1D /* Persistence.swift */,
				24C1AE8D2C5141C0005BEB1D /* TaskDO.xcdatamodeld */,
				24C1AE882C5141C0005BEB1D /* Preview Content */,
			);
			path = TaskDO;
			sourceTree = "<group>";
		};
		24C1AE882C5141C0005BEB1D /* Preview Content */ = {
			isa = PBXGroup;
			children = (
				24C1AE892C5141C0005BEB1D /* Preview Assets.xcassets */,
			);
			path = "Preview Content";
			sourceTree = "<group>";
		};
		24C1AE972C5141C0005BEB1D /* TaskDOTests */ = {
			isa = PBXGroup;
			children = (
				24C1AE982C5141C0005BEB1D /* TaskDOTests.swift */,
			);
			path = TaskDOTests;
			sourceTree = "<group>";
		};
		24C1AEA12C5141C0005BEB1D /* TaskDOUITests */ = {
			isa = PBXGroup;
			children = (
				24C1AEA22C5141C0005BEB1D /* TaskDOUITests.swift */,
				24C1AEA42C5141C0005BEB1D /* TaskDOUITestsLaunchTests.swift */,
			);
			path = TaskDOUITests;
			sourceTree = "<group>";
		};
/* End PBXGroup section */

/* Begin PBXNativeTarget section */
		24C1AE7E2C5141BF005BEB1D /* TaskDO */ = {
			isa = PBXNativeTarget;
			buildConfigurationList = 24C1AEA82C5141C0005BEB1D /* Build configuration list for PBXNativeTarget "TaskDO" */;
			buildPhases = (
				24C1AE7B2C5141BF005BEB1D /* Sources */,
				24C1AE7C2C5141BF005BEB1D /* Frameworks */,
				24C1AE7D2C5141BF005BEB1D /* Resources */,
			);
			buildRules = (
			);
			dependencies = (
			);
			name = TaskDO;
			productName = TaskDO;
			productReference = 24C1AE7F2C5141BF005BEB1D /* TaskDO.app */;
			productType = "com.apple.product-type.application";
		};
		24C1AE932C5141C0005BEB1D /* TaskDOTests */ = {
			isa = PBXNativeTarget;
			buildConfigurationList = 24C1AEAB2C5141C0005BEB1D /* Build configuration list for PBXNativeTarget "TaskDOTests" */;
			buildPhases = (
				24C1AE902C5141C0005BEB1D /* Sources */,
				24C1AE912C5141C0005BEB1D /* Frameworks */,
				24C1AE922C5141C0005BEB1D /* Resources */,
			);
			buildRules = (
			);
			dependencies = (
				24C1AE962C5141C0005BEB1D /* PBXTargetDependency */,
			);
			name = TaskDOTests;
			productName = TaskDOTests;
			productReference = 24C1AE942C5141C0005BEB1D /* TaskDOTests.xctest */;
			productType = "com.apple.product-type.bundle.unit-test";
		};
		24C1AE9D2C5141C0005BEB1D /* TaskDOUITests */ = {
			isa = PBXNativeTarget;
			buildConfigurationList = 24C1AEAE2C5141C0005BEB1D /* Build configuration list for PBXNativeTarget "TaskDOUITests" */;
			buildPhases = (
				24C1AE9A2C5141C0005BEB1D /* Sources */,
				24C1AE9B2C5141C0005BEB1D /* Frameworks */,
				24C1AE9C2C5141C0005BEB1D /* Resources */,
			);
			buildRules = (
			);
			dependencies = (
				24C1AEA02C5141C0005BEB1D /* PBXTargetDependency */,
			);
			name = TaskDOUITests;
			productName = TaskDOUITests;
			productReference = 24C1AE9E2C5141C0005BEB1D /* TaskDOUITests.xctest */;
			productType = "com.apple.product-type.bundle.ui-testing";
		};
/* End PBXNativeTarget section */

/* Begin PBXProject section */
		24C1AE772C5141BF005BEB1D /* Project object */ = {
			isa = PBXProject;
			attributes = {
				BuildIndependentTargetsInParallel = 1;
				LastSwiftUpdateCheck = 1540;
				LastUpgradeCheck = 1540;
				TargetAttributes = {
					24C1AE7E2C5141BF005BEB1D = {
						CreatedOnToolsVersion = 15.4;
					};
					24C1AE932C5141C0005BEB1D = {
						CreatedOnToolsVersion = 15.4;
						TestTargetID = 24C1AE7E2C5141BF005BEB1D;
					};
					24C1AE9D2C5141C0005BEB1D = {
						CreatedOnToolsVersion = 15.4;
						TestTargetID = 24C1AE7E2C5141BF005BEB1D;
					};
				};
			};
			buildConfigurationList = 24C1AE7A2C5141BF005BEB1D /* Build configuration list for PBXProject "TaskDO" */;
			compatibilityVersion = "Xcode 14.0";
			developmentRegion = en;
			hasScannedForEncodings = 0;
			knownRegions = (
				en,
				Base,
			);
			mainGroup = 24C1AE762C5141BF005BEB1D;
			productRefGroup = 24C1AE802C5141BF005BEB1D /* Products */;
			projectDirPath = "";
			projectRoot = "";
			targets = (
				24C1AE7E2C5141BF005BEB1D /* TaskDO */,
				24C1AE932C5141C0005BEB1D /* TaskDOTests */,
				24C1AE9D2C5141C0005BEB1D /* TaskDOUITests */,
			);
		};
/* End PBXProject section */

/* Begin PBXResourcesBuildPhase section */
		24C1AE7D2C5141BF005BEB1D /* Resources */ = {
			isa = PBXResourcesBuildPhase;
			buildActionMask = 2147483647;
			files = (
				24C1AE8A2C5141C0005BEB1D /* Preview Assets.xcassets in Resources */,
				24C1AE872C5141C0005BEB1D /* Assets.xcassets in Resources */,
			);
			runOnlyForDeploymentPostprocessing = 0;
		};
		24C1AE922C5141C0005BEB1D /* Resources */ = {
			isa = PBXResourcesBuildPhase;
			buildActionMask = 2147483647;
			files = (
			);
			runOnlyForDeploymentPostprocessing = 0;
		};
		24C1AE9C2C5141C0005BEB1D /* Resources */ = {
			isa = PBXResourcesBuildPhase;
			buildActionMask = 2147483647;
			files = (
			);
			runOnlyForDeploymentPostprocessing = 0;
		};
/* End PBXResourcesBuildPhase section */

/* Begin PBXSourcesBuildPhase section */
		24C1AE7B2C5141BF005BEB1D /* Sources */ = {
			isa = PBXSourcesBuildPhase;
			buildActionMask = 2147483647;
			files = (
				24C1AE8C2C5141C0005BEB1D /* Persistence.swift in Sources */,
				24C1AE8F2C5141C0005BEB1D /* TaskDO.xcdatamodeld in Sources */,
				24C1AE852C5141BF005BEB1D /* ContentView.swift in Sources */,
				24C1AE832C5141BF005BEB1D /* TaskDOApp.swift in Sources */,
			);
			runOnlyForDeploymentPostprocessing = 0;
		};
		24C1AE902C5141C0005BEB1D /* Sources */ = {
			isa = PBXSourcesBuildPhase;
			buildActionMask = 2147483647;
			files = (
				24C1AE992C5141C0005BEB1D /* TaskDOTests.swift in Sources */,
			);
			runOnlyForDeploymentPostprocessing = 0;
		};
		24C1AE9A2C5141C0005BEB1D /* Sources */ = {
			isa = PBXSourcesBuildPhase;
			buildActionMask = 2147483647;
			files = (
				24C1AEA52C5141C0005BEB1D /* TaskDOUITestsLaunchTests.swift in Sources */,
				24C1AEA32C5141C0005BEB1D /* TaskDOUITests.swift in Sources */,
			);
			runOnlyForDeploymentPostprocessing = 0;
		};
/* End PBXSourcesBuildPhase section */

/* Begin PBXTargetDependency section */
		24C1AE962C5141C0005BEB1D /* PBXTargetDependency */ = {
			isa = PBXTargetDependency;
			target = 24C1AE7E2C5141BF005BEB1D /* TaskDO */;
			targetProxy = 24C1AE952C5141C0005BEB1D /* PBXContainerItemProxy */;
		};
		24C1AEA02C5141C0005BEB1D /* PBXTargetDependency */ = {
			isa = PBXTargetDependency;
			target = 24C1AE7E2C5141BF005BEB1D /* TaskDO */;
			targetProxy = 24C1AE9F2C5141C0005BEB1D /* PBXContainerItemProxy */;
		};
/* End PBXTargetDependency section */

/* Begin XCBuildConfiguration section */
		24C1AEA62C5141C0005BEB1D /* Debug */ = {
			isa = XCBuildConfiguration;
			buildSettings = {
				ALWAYS_SEARCH_USER_PATHS = NO;
				ASSETCATALOG_COMPILER_GENERATE_SWIFT_ASSET_SYMBOL_EXTENSIONS = YES;
				CLANG_ANALYZER_NONNULL = YES;
				CLANG_ANALYZER_NUMBER_OBJECT_CONVERSION = YES_AGGRESSIVE;
				CLANG_CXX_LANGUAGE_STANDARD = "gnu++20";
				CLANG_ENABLE_MODULES = YES;
				CLANG_ENABLE_OBJC_ARC = YES;
				CLANG_ENABLE_OBJC_WEAK = YES;
				CLANG_WARN_BLOCK_CAPTURE_AUTORELEASING = YES;
				CLANG_WARN_BOOL_CONVERSION = YES;
				CLANG_WARN_COMMA = YES;
				CLANG_WARN_CONSTANT_CONVERSION = YES;
				CLANG_WARN_DEPRECATED_OBJC_IMPLEMENTATIONS = YES;
				CLANG_WARN_DIRECT_OBJC_ISA_USAGE = YES_ERROR;
				CLANG_WARN_DOCUMENTATION_COMMENTS = YES;
				CLANG_WARN_EMPTY_BODY = YES;
				CLANG_WARN_ENUM_CONVERSION = YES;
				CLANG_WARN_INFINITE_RECURSION = YES;
				CLANG_WARN_INT_CONVERSION = YES;
				CLANG_WARN_NON_LITERAL_NULL_CONVERSION = YES;
				CLANG_WARN_OBJC_IMPLICIT_RETAIN_SELF = YES;
				CLANG_WARN_OBJC_LITERAL_CONVERSION = YES;
				CLANG_WARN_OBJC_ROOT_CLASS = YES_ERROR;
				CLANG_WARN_QUOTED_INCLUDE_IN_FRAMEWORK_HEADER = YES;
				CLANG_WARN_RANGE_LOOP_ANALYSIS = YES;
				CLANG_WARN_STRICT_PROTOTYPES = YES;
				CLANG_WARN_SUSPICIOUS_MOVE = YES;
				CLANG_WARN_UNGUARDED_AVAILABILITY = YES_AGGRESSIVE;
				CLANG_WARN_UNREACHABLE_CODE = YES;
				CLANG_WARN__DUPLICATE_METHOD_MATCH = YES;
				COPY_PHASE_STRIP = NO;
				DEBUG_INFORMATION_FORMAT = dwarf;
				ENABLE_STRICT_OBJC_MSGSEND = YES;
				ENABLE_TESTABILITY = YES;
				ENABLE_USER_SCRIPT_SANDBOXING = YES;
				GCC_C_LANGUAGE_STANDARD = gnu17;
				GCC_DYNAMIC_NO_PIC = NO;
				GCC_NO_COMMON_BLOCKS = YES;
				GCC_OPTIMIZATION_LEVEL = 0;
				GCC_PREPROCESSOR_DEFINITIONS = (
					"DEBUG=1",
					"$(inherited)",
				);
				GCC_WARN_64_TO_32_BIT_CONVERSION = YES;
				GCC_WARN_ABOUT_RETURN_TYPE = YES_ERROR;
				GCC_WARN_UNDECLARED_SELECTOR = YES;
				GCC_WARN_UNINITIALIZED_AUTOS = YES_AGGRESSIVE;
				GCC_WARN_UNUSED_FUNCTION = YES;
				GCC_WARN_UNUSED_VARIABLE = YES;
				IPHONEOS_DEPLOYMENT_TARGET = 17.5;
				LOCALIZATION_PREFERS_STRING_CATALOGS = YES;
				MTL_ENABLE_DEBUG_INFO = INCLUDE_SOURCE;
				MTL_FAST_MATH = YES;
				ONLY_ACTIVE_ARCH = YES;
				SDKROOT = iphoneos;
				SWIFT_ACTIVE_COMPILATION_CONDITIONS = "DEBUG $(inherited)";
				SWIFT_OPTIMIZATION_LEVEL = "-Onone";
			};
			name = Debug;
		};
		24C1AEA72C5141C0005BEB1D /* Release */ = {
			isa = XCBuildConfiguration;
			buildSettings = {
				ALWAYS_SEARCH_USER_PATHS = NO;
				ASSETCATALOG_COMPILER_GENERATE_SWIFT_ASSET_SYMBOL_EXTENSIONS = YES;
				CLANG_ANALYZER_NONNULL = YES;
				CLANG_ANALYZER_NUMBER_OBJECT_CONVERSION = YES_AGGRESSIVE;
				CLANG_CXX_LANGUAGE_STANDARD = "gnu++20";
				CLANG_ENABLE_MODULES = YES;
				CLANG_ENABLE_OBJC_ARC = YES;
				CLANG_ENABLE_OBJC_WEAK = YES;
				CLANG_WARN_BLOCK_CAPTURE_AUTORELEASING = YES;
				CLANG_WARN_BOOL_CONVERSION = YES;
				CLANG_WARN_COMMA = YES;
				CLANG_WARN_CONSTANT_CONVERSION = YES;
				CLANG_WARN_DEPRECATED_OBJC_IMPLEMENTATIONS = YES;
				CLANG_WARN_DIRECT_OBJC_ISA_USAGE = YES_ERROR;
				CLANG_WARN_DOCUMENTATION_COMMENTS = YES;
				CLANG_WARN_EMPTY_BODY = YES;
				CLANG_WARN_ENUM_CONVERSION = YES;
				CLANG_WARN_INFINITE_RECURSION = YES;
				CLANG_WARN_INT_CONVERSION = YES;
				CLANG_WARN_NON_LITERAL_NULL_CONVERSION = YES;
				CLANG_WARN_OBJC_IMPLICIT_RETAIN_SELF = YES;
				CLANG_WARN_OBJC_LITERAL_CONVERSION = YES;
				CLANG_WARN_OBJC_ROOT_CLASS = YES_ERROR;
				CLANG_WARN_QUOTED_INCLUDE_IN_FRAMEWORK_HEADER = YES;
				CLANG_WARN_RANGE_LOOP_ANALYSIS = YES;
				CLANG_WARN_STRICT_PROTOTYPES = YES;
				CLANG_WARN_SUSPICIOUS_MOVE = YES;
				CLANG_WARN_UNGUARDED_AVAILABILITY = YES_AGGRESSIVE;
				CLANG_WARN_UNREACHABLE_CODE = YES;
				CLANG_WARN__DUPLICATE_METHOD_MATCH = YES;
				COPY_PHASE_STRIP = NO;
				DEBUG_INFORMATION_FORMAT = "dwarf-with-dsym";
				ENABLE_NS_ASSERTIONS = NO;
				ENABLE_STRICT_OBJC_MSGSEND = YES;
				ENABLE_USER_SCRIPT_SANDBOXING = YES;
				GCC_C_LANGUAGE_STANDARD = gnu17;
				GCC_NO_COMMON_BLOCKS = YES;
				GCC_WARN_64_TO_32_BIT_CONVERSION = YES;
				GCC_WARN_ABOUT_RETURN_TYPE = YES_ERROR;
				GCC_WARN_UNDECLARED_SELECTOR = YES;
				GCC_WARN_UNINITIALIZED_AUTOS = YES_AGGRESSIVE;
				GCC_WARN_UNUSED_FUNCTION = YES;
				GCC_WARN_UNUSED_VARIABLE = YES;
				IPHONEOS_DEPLOYMENT_TARGET = 17.5;
				LOCALIZATION_PREFERS_STRING_CATALOGS = YES;
				MTL_ENABLE_DEBUG_INFO = NO;
				MTL_FAST_MATH = YES;
				SDKROOT = iphoneos;
				SWIFT_COMPILATION_MODE = wholemodule;
				VALIDATE_PRODUCT = YES;
			};
			name = Release;
		};
		24C1AEA92C5141C0005BEB1D /* Debug */ = {
			isa = XCBuildConfiguration;
			buildSettings = {
				ASSETCATALOG_COMPILER_APPICON_NAME = AppIcon;
				ASSETCATALOG_COMPILER_GLOBAL_ACCENT_COLOR_NAME = AccentColor;
				CODE_SIGN_STYLE = Automatic;
				CURRENT_PROJECT_VERSION = 1;
				DEVELOPMENT_ASSET_PATHS = "\"TaskDO/Preview Content\"";
				ENABLE_PREVIEWS = YES;
				GENERATE_INFOPLIST_FILE = YES;
				INFOPLIST_KEY_UIApplicationSceneManifest_Generation = YES;
				INFOPLIST_KEY_UIApplicationSupportsIndirectInputEvents = YES;
				INFOPLIST_KEY_UILaunchScreen_Generation = YES;
				INFOPLIST_KEY_UISupportedInterfaceOrientations_iPad = "UIInterfaceOrientationPortrait UIInterfaceOrientationPortraitUpsideDown UIInterfaceOrientationLandscapeLeft UIInterfaceOrientationLandscapeRight";
				INFOPLIST_KEY_UISupportedInterfaceOrientations_iPhone = "UIInterfaceOrientationPortrait UIInterfaceOrientationLandscapeLeft UIInterfaceOrientationLandscapeRight";
				LD_RUNPATH_SEARCH_PATHS = (
					"$(inherited)",
					"@executable_path/Frameworks",
				);
				MARKETING_VERSION = 1.0;
				PRODUCT_BUNDLE_IDENTIFIER = com.satshree.TaskDO;
				PRODUCT_NAME = "$(TARGET_NAME)";
				SWIFT_EMIT_LOC_STRINGS = YES;
				SWIFT_VERSION = 5.0;
				TARGETED_DEVICE_FAMILY = "1,2";
			};
			name = Debug;
		};
		24C1AEAA2C5141C0005BEB1D /* Release */ = {
			isa = XCBuildConfiguration;
			buildSettings = {
				ASSETCATALOG_COMPILER_APPICON_NAME = AppIcon;
				ASSETCATALOG_COMPILER_GLOBAL_ACCENT_COLOR_NAME = AccentColor;
				CODE_SIGN_STYLE = Automatic;
				CURRENT_PROJECT_VERSION = 1;
				DEVELOPMENT_ASSET_PATHS = "\"TaskDO/Preview Content\"";
				ENABLE_PREVIEWS = YES;
				GENERATE_INFOPLIST_FILE = YES;
				INFOPLIST_KEY_UIApplicationSceneManifest_Generation = YES;
				INFOPLIST_KEY_UIApplicationSupportsIndirectInputEvents = YES;
				INFOPLIST_KEY_UILaunchScreen_Generation = YES;
				INFOPLIST_KEY_UISupportedInterfaceOrientations_iPad = "UIInterfaceOrientationPortrait UIInterfaceOrientationPortraitUpsideDown UIInterfaceOrientationLandscapeLeft UIInterfaceOrientationLandscapeRight";
				INFOPLIST_KEY_UISupportedInterfaceOrientations_iPhone = "UIInterfaceOrientationPortrait UIInterfaceOrientationLandscapeLeft UIInterfaceOrientationLandscapeRight";
				LD_RUNPATH_SEARCH_PATHS = (
					"$(inherited)",
					"@executable_path/Frameworks",
				);
				MARKETING_VERSION = 1.0;
				PRODUCT_BUNDLE_IDENTIFIER = com.satshree.TaskDO;
				PRODUCT_NAME = "$(TARGET_NAME)";
				SWIFT_EMIT_LOC_STRINGS = YES;
				SWIFT_VERSION = 5.0;
				TARGETED_DEVICE_FAMILY = "1,2";
			};
			name = Release;
		};
		24C1AEAC2C5141C0005BEB1D /* Debug */ = {
			isa = XCBuildConfiguration;
			buildSettings = {
				ALWAYS_EMBED_SWIFT_STANDARD_LIBRARIES = YES;
				BUNDLE_LOADER = "$(TEST_HOST)";
				CODE_SIGN_STYLE = Automatic;
				CURRENT_PROJECT_VERSION = 1;
				GENERATE_INFOPLIST_FILE = YES;
				IPHONEOS_DEPLOYMENT_TARGET = 17.5;
				MARKETING_VERSION = 1.0;
				PRODUCT_BUNDLE_IDENTIFIER = com.satshree.TaskDOTests;
				PRODUCT_NAME = "$(TARGET_NAME)";
				SWIFT_EMIT_LOC_STRINGS = NO;
				SWIFT_VERSION = 5.0;
				TARGETED_DEVICE_FAMILY = "1,2";
				TEST_HOST = "$(BUILT_PRODUCTS_DIR)/TaskDO.app/$(BUNDLE_EXECUTABLE_FOLDER_PATH)/TaskDO";
			};
			name = Debug;
		};
		24C1AEAD2C5141C0005BEB1D /* Release */ = {
			isa = XCBuildConfiguration;
			buildSettings = {
				ALWAYS_EMBED_SWIFT_STANDARD_LIBRARIES = YES;
				BUNDLE_LOADER = "$(TEST_HOST)";
				CODE_SIGN_STYLE = Automatic;
				CURRENT_PROJECT_VERSION = 1;
				GENERATE_INFOPLIST_FILE = YES;
				IPHONEOS_DEPLOYMENT_TARGET = 17.5;
				MARKETING_VERSION = 1.0;
				PRODUCT_BUNDLE_IDENTIFIER = com.satshree.TaskDOTests;
				PRODUCT_NAME = "$(TARGET_NAME)";
				SWIFT_EMIT_LOC_STRINGS = NO;
				SWIFT_VERSION = 5.0;
				TARGETED_DEVICE_FAMILY = "1,2";
				TEST_HOST = "$(BUILT_PRODUCTS_DIR)/TaskDO.app/$(BUNDLE_EXECUTABLE_FOLDER_PATH)/TaskDO";
			};
			name = Release;
		};
		24C1AEAF2C5141C0005BEB1D /* Debug */ = {
			isa = XCBuildConfiguration;
			buildSettings = {
				ALWAYS_EMBED_SWIFT_STANDARD_LIBRARIES = YES;
				CODE_SIGN_STYLE = Automatic;
				CURRENT_PROJECT_VERSION = 1;
				GENERATE_INFOPLIST_FILE = YES;
				MARKETING_VERSION = 1.0;
				PRODUCT_BUNDLE_IDENTIFIER = com.satshree.TaskDOUITests;
				PRODUCT_NAME = "$(TARGET_NAME)";
				SWIFT_EMIT_LOC_STRINGS = NO;
				SWIFT_VERSION = 5.0;
				TARGETED_DEVICE_FAMILY = "1,2";
				TEST_TARGET_NAME = TaskDO;
			};
			name = Debug;
		};
		24C1AEB02C5141C0005BEB1D /* Release */ = {
			isa = XCBuildConfiguration;
			buildSettings = {
				ALWAYS_EMBED_SWIFT_STANDARD_LIBRARIES = YES;
				CODE_SIGN_STYLE = Automatic;
				CURRENT_PROJECT_VERSION = 1;
				GENERATE_INFOPLIST_FILE = YES;
				MARKETING_VERSION = 1.0;
				PRODUCT_BUNDLE_IDENTIFIER = com.satshree.TaskDOUITests;
				PRODUCT_NAME = "$(TARGET_NAME)";
				SWIFT_EMIT_LOC_STRINGS = NO;
				SWIFT_VERSION = 5.0;
				TARGETED_DEVICE_FAMILY = "1,2";
				TEST_TARGET_NAME = TaskDO;
			};
			name = Release;
		};
/* End XCBuildConfiguration section */

/* Begin XCConfigurationList section */
		24C1AE7A2C5141BF005BEB1D /* Build configuration list for PBXProject "TaskDO" */ = {
			isa = XCConfigurationList;
			buildConfigurations = (
				24C1AEA62C5141C0005BEB1D /* Debug */,
				24C1AEA72C5141C0005BEB1D /* Release */,
			);
			defaultConfigurationIsVisible = 0;
			defaultConfigurationName = Release;
		};
		24C1AEA82C5141C0005BEB1D /* Build configuration list for PBXNativeTarget "TaskDO" */ = {
			isa = XCConfigurationList;
			buildConfigurations = (
				24C1AEA92C5141C0005BEB1D /* Debug */,
				24C1AEAA2C5141C0005BEB1D /* Release */,
			);
			defaultConfigurationIsVisible = 0;
			defaultConfigurationName = Release;
		};
		24C1AEAB2C5141C0005BEB1D /* Build configuration list for PBXNativeTarget "TaskDOTests" */ = {
			isa = XCConfigurationList;
			buildConfigurations = (
				24C1AEAC2C5141C0005BEB1D /* Debug */,
				24C1AEAD2C5141C0005BEB1D /* Release */,
			);
			defaultConfigurationIsVisible = 0;
			defaultConfigurationName = Release;
		};
		24C1AEAE2C5141C0005BEB1D /* Build configuration list for PBXNativeTarget "TaskDOUITests" */ = {
			isa = XCConfigurationList;
			buildConfigurations = (
				24C1AEAF2C5141C0005BEB1D /* Debug */,
				24C1AEB02C5141C0005BEB1D /* Release */,
			);
			defaultConfigurationIsVisible = 0;
			defaultConfigurationName = Release;
		};
/* End XCConfigurationList section */

/* Begin XCVersionGroup section */
		24C1AE8D2C5141C0005BEB1D /* TaskDO.xcdatamodeld */ = {
			isa = XCVersionGroup;
			children = (
				24C1AE8E2C5141C0005BEB1D /* TaskDO.xcdatamodel */,
			);
			currentVersion = 24C1AE8E2C5141C0005BEB1D /* TaskDO.xcdatamodel */;
			path = TaskDO.xcdatamodeld;
			sourceTree = "<group>";
			versionGroupType = wrapper.xcdatamodel;
		};
/* End XCVersionGroup section */
	};
	rootObject = 24C1AE772C5141BF005BEB1D /* Project object */;
}
